
Microsoft Visual Studio Solution File, Format Version 12.00
# Visual Studio Version 17
VisualStudioVersion = 17.8.34408.163
MinimumVisualStudioVersion = 10.0.40219.1
Project("{FAE04EC0-301F-11D3-BF4B-00C04F79EFBC}") = "TestPragmaSebastian", "TestPragmaSebastian\TestPragmaSebastian.csproj", "{8F17712D-8ACB-4FDE-8CCE-18D6C7824F80}"
EndProject
Project("{2150E333-8FDC-42A3-9474-1A3956D46DE8}") = "01.Presentation", "01.Presentation", "{646F716A-7BA4-4105-BE9E-6D77F739FC2B}"
EndProject
Project("{2150E333-8FDC-42A3-9474-1A3956D46DE8}") = "02.Business", "02.Business", "{F5DB161B-4818-4E9A-98A0-78E38C21A45F}"
EndProject
Project("{2150E333-8FDC-42A3-9474-1A3956D46DE8}") = "03.DataAcess", "03.DataAcess", "{05218FA6-CACC-4C1D-88D8-0EE8CA07469B}"
EndProject
Project("{FAE04EC0-301F-11D3-BF4B-00C04F79EFBC}") = "Business", "Business\Business.csproj", "{666A92DC-F10C-47D6-88AC-DDCF5D17CBB4}"
EndProject
Project("{FAE04EC0-301F-11D3-BF4B-00C04F79EFBC}") = "DataAcess", "DataAcess\DataAcess.csproj", "{C6F324B1-DBE4-4A18-8FA5-037B33784D19}"
EndProject
Global
	GlobalSection(SolutionConfigurationPlatforms) = preSolution
		Debug|Any CPU = Debug|Any CPU
		Release|Any CPU = Release|Any CPU
	EndGlobalSection
	GlobalSection(ProjectConfigurationPlatforms) = postSolution
		{8F17712D-8ACB-4FDE-8CCE-18D6C7824F80}.Debug|Any CPU.ActiveCfg = Debug|Any CPU
		{8F17712D-8ACB-4FDE-8CCE-18D6C7824F80}.Debug|Any CPU.Build.0 = Debug|Any CPU
		{8F17712D-8ACB-4FDE-8CCE-18D6C7824F80}.Release|Any CPU.ActiveCfg = Release|Any CPU
		{8F17712D-8ACB-4FDE-8CCE-18D6C7824F80}.Release|Any CPU.Build.0 = Release|Any CPU
		{666A92DC-F10C-47D6-88AC-DDCF5D17CBB4}.Debug|Any CPU.ActiveCfg = Debug|Any CPU
		{666A92DC-F10C-47D6-88AC-DDCF5D17CBB4}.Debug|Any CPU.Build.0 = Debug|Any CPU
		{666A92DC-F10C-47D6-88AC-DDCF5D17CBB4}.Release|Any CPU.ActiveCfg = Release|Any CPU
		{666A92DC-F10C-47D6-88AC-DDCF5D17CBB4}.Release|Any CPU.Build.0 = Release|Any CPU
		{C6F324B1-DBE4-4A18-8FA5-037B33784D19}.Debug|Any CPU.ActiveCfg = Debug|Any CPU
		{C6F324B1-DBE4-4A18-8FA5-037B33784D19}.Debug|Any CPU.Build.0 = Debug|Any CPU
		{C6F324B1-DBE4-4A18-8FA5-037B33784D19}.Release|Any CPU.ActiveCfg = Release|Any CPU
		{C6F324B1-DBE4-4A18-8FA5-037B33784D19}.Release|Any CPU.Build.0 = Release|Any CPU
	EndGlobalSection
	GlobalSection(SolutionProperties) = preSolution
		HideSolutionNode = FALSE
	EndGlobalSection
	GlobalSection(NestedProjects) = preSolution
		{8F17712D-8ACB-4FDE-8CCE-18D6C7824F80} = {646F716A-7BA4-4105-BE9E-6D77F739FC2B}
		{666A92DC-F10C-47D6-88AC-DDCF5D17CBB4} = {F5DB161B-4818-4E9A-98A0-78E38C21A45F}
		{C6F324B1-DBE4-4A18-8FA5-037B33784D19} = {05218FA6-CACC-4C1D-88D8-0EE8CA07469B}
	EndGlobalSection
	GlobalSection(ExtensibilityGlobals) = postSolution
		SolutionGuid = {154B9FD6-2751-4FA3-8447-8CE0E2F4DDDE}
	EndGlobalSection
EndGlobal
